
Microsoft Visual Studio Solution File, Format Version 12.00
# Visual Studio 15
VisualStudioVersion = 15.0.28307.421
MinimumVisualStudioVersion = 10.0.40219.1
Project("{FAE04EC0-301F-11D3-BF4B-00C04F79EFBC}") = "GadnataZadacha", "GadnataZadacha\GadnataZadacha.csproj", "{70E52F5B-02C0-4F75-9F7A-2EF8CCE3D4CF}"
EndProject
Global
	GlobalSection(SolutionConfigurationPlatforms) = preSolution
		Debug|Any CPU = Debug|Any CPU
		Release|Any CPU = Release|Any CPU
	EndGlobalSection
	GlobalSection(ProjectConfigurationPlatforms) = postSolution
		{70E52F5B-02C0-4F75-9F7A-2EF8CCE3D4CF}.Debug|Any CPU.ActiveCfg = Debug|Any CPU
		{70E52F5B-02C0-4F75-9F7A-2EF8CCE3D4CF}.Debug|Any CPU.Build.0 = Debug|Any CPU
		{70E52F5B-02C0-4F75-9F7A-2EF8CCE3D4CF}.Release|Any CPU.ActiveCfg = Release|Any CPU
		{70E52F5B-02C0-4F75-9F7A-2EF8CCE3D4CF}.Release|Any CPU.Build.0 = Release|Any CPU
	EndGlobalSection
	GlobalSection(SolutionProperties) = preSolution
		HideSolutionNode = FALSE
	EndGlobalSection
	GlobalSection(ExtensibilityGlobals) = postSolution
		SolutionGuid = {8873607B-246F-4806-B643-27D48463FF23}
	EndGlobalSection
EndGlobal
